
Microsoft Visual Studio Solution File, Format Version 12.00
# Visual Studio Version 17
VisualStudioVersion = 17.7.34018.315
MinimumVisualStudioVersion = 10.0.40219.1
Project("{FAE04EC0-301F-11D3-BF4B-00C04F79EFBC}") = "ProductADO", "ProductADO\ProductADO.csproj", "{8D7E4C8C-62EC-4FE4-A132-EAB6A72DF056}"
EndProject
Global
	GlobalSection(SolutionConfigurationPlatforms) = preSolution
		Debug|Any CPU = Debug|Any CPU
		Release|Any CPU = Release|Any CPU
	EndGlobalSection
	GlobalSection(ProjectConfigurationPlatforms) = postSolution
		{8D7E4C8C-62EC-4FE4-A132-EAB6A72DF056}.Debug|Any CPU.ActiveCfg = Debug|Any CPU
		{8D7E4C8C-62EC-4FE4-A132-EAB6A72DF056}.Debug|Any CPU.Build.0 = Debug|Any CPU
		{8D7E4C8C-62EC-4FE4-A132-EAB6A72DF056}.Release|Any CPU.ActiveCfg = Release|Any CPU
		{8D7E4C8C-62EC-4FE4-A132-EAB6A72DF056}.Release|Any CPU.Build.0 = Release|Any CPU
	EndGlobalSection
	GlobalSection(SolutionProperties) = preSolution
		HideSolutionNode = FALSE
	EndGlobalSection
	GlobalSection(ExtensibilityGlobals) = postSolution
		SolutionGuid = {00CB7D6F-B8C0-4799-A9C6-67490A5DED60}
	EndGlobalSection
EndGlobal
